
Microsoft Visual Studio Solution File, Format Version 12.00
# Visual Studio Version 17
VisualStudioVersion = 17.1.32319.34
MinimumVisualStudioVersion = 10.0.40219.1
Project("{9A19103F-16F7-4668-BE54-9A1E7A4F7556}") = "API", "API\API.csproj", "{CD730643-2641-4152-9627-263474FBD3F0}"
	ProjectSection(ProjectDependencies) = postProject
		{414E7D0A-5234-438C-8372-7379ED386BEF} = {414E7D0A-5234-438C-8372-7379ED386BEF}
		{57513D73-DF25-46F1-B80A-C826EEAA6E40} = {57513D73-DF25-46F1-B80A-C826EEAA6E40}
		{0AEA8F8E-0D91-4AF2-A56F-42F7E6044302} = {0AEA8F8E-0D91-4AF2-A56F-42F7E6044302}
	EndProjectSection
EndProject
Project("{2150E333-8FDC-42A3-9474-1A3956D46DE8}") = "3. API", "3. API", "{DE56705D-3FAE-471B-B698-B19EDD79DA16}"
EndProject
Project("{2150E333-8FDC-42A3-9474-1A3956D46DE8}") = "2. DAL", "2. DAL", "{1FCBA506-F160-49FB-ACFF-246ED8B13683}"
EndProject
Project("{2150E333-8FDC-42A3-9474-1A3956D46DE8}") = "1. BL", "1. BL", "{614B110F-A8A9-4431-A5CF-FD0C077E2EDC}"
EndProject
Project("{2150E333-8FDC-42A3-9474-1A3956D46DE8}") = "0. Frameworks", "0. Frameworks", "{A2829343-5507-46CE-9FE7-10132F2DD807}"
EndProject
Project("{FAE04EC0-301F-11D3-BF4B-00C04F79EFBC}") = "Logic", "Logic\Logic.csproj", "{57513D73-DF25-46F1-B80A-C826EEAA6E40}"
	ProjectSection(ProjectDependencies) = postProject
		{414E7D0A-5234-438C-8372-7379ED386BEF} = {414E7D0A-5234-438C-8372-7379ED386BEF}
	EndProjectSection
EndProject
Project("{FAE04EC0-301F-11D3-BF4B-00C04F79EFBC}") = "Domain", "Domain\Domain.csproj", "{414E7D0A-5234-438C-8372-7379ED386BEF}"
EndProject
Project("{FAE04EC0-301F-11D3-BF4B-00C04F79EFBC}") = "DAL", "DAL\DAL.csproj", "{0AEA8F8E-0D91-4AF2-A56F-42F7E6044302}"
	ProjectSection(ProjectDependencies) = postProject
		{57513D73-DF25-46F1-B80A-C826EEAA6E40} = {57513D73-DF25-46F1-B80A-C826EEAA6E40}
	EndProjectSection
EndProject
Project("{2150E333-8FDC-42A3-9474-1A3956D46DE8}") = "0. xUnit", "0. xUnit", "{1F8A6F13-C228-467D-9C2C-F57B954D1CA8}"
EndProject
Project("{FAE04EC0-301F-11D3-BF4B-00C04F79EFBC}") = "Testing", "xUnit\Testing.csproj", "{BEB7DC45-0EFA-4908-B1B6-AB87ACCF76BD}"
	ProjectSection(ProjectDependencies) = postProject
		{414E7D0A-5234-438C-8372-7379ED386BEF} = {414E7D0A-5234-438C-8372-7379ED386BEF}
		{CD730643-2641-4152-9627-263474FBD3F0} = {CD730643-2641-4152-9627-263474FBD3F0}
		{57513D73-DF25-46F1-B80A-C826EEAA6E40} = {57513D73-DF25-46F1-B80A-C826EEAA6E40}
		{0AEA8F8E-0D91-4AF2-A56F-42F7E6044302} = {0AEA8F8E-0D91-4AF2-A56F-42F7E6044302}
	EndProjectSection
EndProject
Global
	GlobalSection(SolutionConfigurationPlatforms) = preSolution
		Debug|Any CPU = Debug|Any CPU
		Release|Any CPU = Release|Any CPU
	EndGlobalSection
	GlobalSection(ProjectConfigurationPlatforms) = postSolution
		{CD730643-2641-4152-9627-263474FBD3F0}.Debug|Any CPU.ActiveCfg = Debug|Any CPU
		{CD730643-2641-4152-9627-263474FBD3F0}.Debug|Any CPU.Build.0 = Debug|Any CPU
		{CD730643-2641-4152-9627-263474FBD3F0}.Release|Any CPU.ActiveCfg = Release|Any CPU
		{CD730643-2641-4152-9627-263474FBD3F0}.Release|Any CPU.Build.0 = Release|Any CPU
		{57513D73-DF25-46F1-B80A-C826EEAA6E40}.Debug|Any CPU.ActiveCfg = Debug|Any CPU
		{57513D73-DF25-46F1-B80A-C826EEAA6E40}.Debug|Any CPU.Build.0 = Debug|Any CPU
		{57513D73-DF25-46F1-B80A-C826EEAA6E40}.Release|Any CPU.ActiveCfg = Release|Any CPU
		{57513D73-DF25-46F1-B80A-C826EEAA6E40}.Release|Any CPU.Build.0 = Release|Any CPU
		{414E7D0A-5234-438C-8372-7379ED386BEF}.Debug|Any CPU.ActiveCfg = Debug|Any CPU
		{414E7D0A-5234-438C-8372-7379ED386BEF}.Debug|Any CPU.Build.0 = Debug|Any CPU
		{414E7D0A-5234-438C-8372-7379ED386BEF}.Release|Any CPU.ActiveCfg = Release|Any CPU
		{414E7D0A-5234-438C-8372-7379ED386BEF}.Release|Any CPU.Build.0 = Release|Any CPU
		{0AEA8F8E-0D91-4AF2-A56F-42F7E6044302}.Debug|Any CPU.ActiveCfg = Debug|Any CPU
		{0AEA8F8E-0D91-4AF2-A56F-42F7E6044302}.Debug|Any CPU.Build.0 = Debug|Any CPU
		{0AEA8F8E-0D91-4AF2-A56F-42F7E6044302}.Release|Any CPU.ActiveCfg = Release|Any CPU
		{0AEA8F8E-0D91-4AF2-A56F-42F7E6044302}.Release|Any CPU.Build.0 = Release|Any CPU
		{BEB7DC45-0EFA-4908-B1B6-AB87ACCF76BD}.Debug|Any CPU.ActiveCfg = Debug|Any CPU
		{BEB7DC45-0EFA-4908-B1B6-AB87ACCF76BD}.Debug|Any CPU.Build.0 = Debug|Any CPU
		{BEB7DC45-0EFA-4908-B1B6-AB87ACCF76BD}.Release|Any CPU.ActiveCfg = Release|Any CPU
		{BEB7DC45-0EFA-4908-B1B6-AB87ACCF76BD}.Release|Any CPU.Build.0 = Release|Any CPU
	EndGlobalSection
	GlobalSection(SolutionProperties) = preSolution
		HideSolutionNode = FALSE
	EndGlobalSection
	GlobalSection(NestedProjects) = preSolution
		{CD730643-2641-4152-9627-263474FBD3F0} = {DE56705D-3FAE-471B-B698-B19EDD79DA16}
		{57513D73-DF25-46F1-B80A-C826EEAA6E40} = {614B110F-A8A9-4431-A5CF-FD0C077E2EDC}
		{414E7D0A-5234-438C-8372-7379ED386BEF} = {614B110F-A8A9-4431-A5CF-FD0C077E2EDC}
		{0AEA8F8E-0D91-4AF2-A56F-42F7E6044302} = {1FCBA506-F160-49FB-ACFF-246ED8B13683}
		{BEB7DC45-0EFA-4908-B1B6-AB87ACCF76BD} = {1F8A6F13-C228-467D-9C2C-F57B954D1CA8}
	EndGlobalSection
	GlobalSection(ExtensibilityGlobals) = postSolution
		SolutionGuid = {0A6E5219-7F29-4372-97B8-C9F30F39C085}
	EndGlobalSection
EndGlobal
